// !$*UTF8*$!
{
	archiveVersion = 1;
	classes = {
	};
	objectVersion = 56;
	objects = {

/* Begin PBXBuildFile section */
		726183112A30ADCD0052577F /* fake_appApp.swift in Sources */ = {isa = PBXBuildFile; fileRef = 726183102A30ADCD0052577F /* fake_appApp.swift */; };
		726183132A30ADCD0052577F /* ContentView.swift in Sources */ = {isa = PBXBuildFile; fileRef = 726183122A30ADCD0052577F /* ContentView.swift */; };
		726183152A30ADCF0052577F /* Assets.xcassets in Resources */ = {isa = PBXBuildFile; fileRef = 726183142A30ADCF0052577F /* Assets.xcassets */; };
		726183182A30ADCF0052577F /* Preview Assets.xcassets in Resources */ = {isa = PBXBuildFile; fileRef = 726183172A30ADCF0052577F /* Preview Assets.xcassets */; };
		7261831E2A30ADCF0052577F /* fake_app Watch App.app in Embed Watch Content */ = {isa = PBXBuildFile; fileRef = 7261831D2A30ADCF0052577F /* fake_app Watch App.app */; settings = {ATTRIBUTES = (RemoveHeadersOnCopy, ); }; };
		726183232A30ADCF0052577F /* fake_appApp.swift in Sources */ = {isa = PBXBuildFile; fileRef = 726183222A30ADCF0052577F /* fake_appApp.swift */; };
		726183252A30ADCF0052577F /* ContentView.swift in Sources */ = {isa = PBXBuildFile; fileRef = 726183242A30ADCF0052577F /* ContentView.swift */; };
		726183272A30ADD00052577F /* Assets.xcassets in Resources */ = {isa = PBXBuildFile; fileRef = 726183262A30ADD00052577F /* Assets.xcassets */; };
		7261832A2A30ADD00052577F /* Preview Assets.xcassets in Resources */ = {isa = PBXBuildFile; fileRef = 726183292A30ADD00052577F /* Preview Assets.xcassets */; };
/* End PBXBuildFile section */

/* Begin PBXContainerItemProxy section */
		7261831F2A30ADCF0052577F /* PBXContainerItemProxy */ = {
			isa = PBXContainerItemProxy;
			containerPortal = 726183052A30ADCD0052577F /* Project object */;
			proxyType = 1;
			remoteGlobalIDString = 7261831C2A30ADCF0052577F;
			remoteInfo = "fake_app Watch App";
		};
/* End PBXContainerItemProxy section */

/* Begin PBXCopyFilesBuildPhase section */
		726183302A30ADD00052577F /* Embed Watch Content */ = {
			isa = PBXCopyFilesBuildPhase;
			buildActionMask = 2147483647;
			dstPath = "$(CONTENTS_FOLDER_PATH)/Watch";
			dstSubfolderSpec = 16;
			files = (
				7261831E2A30ADCF0052577F /* fake_app Watch App.app in Embed Watch Content */,
			);
			name = "Embed Watch Content";
			runOnlyForDeploymentPostprocessing = 0;
		};
/* End PBXCopyFilesBuildPhase section */

/* Begin PBXFileReference section */
		7261830D2A30ADCD0052577F /* fake_app.app */ = {isa = PBXFileReference; explicitFileType = wrapper.application; includeInIndex = 0; path = fake_app.app; sourceTree = BUILT_PRODUCTS_DIR; };
		726183102A30ADCD0052577F /* fake_appApp.swift */ = {isa = PBXFileReference; lastKnownFileType = sourcecode.swift; path = fake_appApp.swift; sourceTree = "<group>"; };
		726183122A30ADCD0052577F /* ContentView.swift */ = {isa = PBXFileReference; lastKnownFileType = sourcecode.swift; path = ContentView.swift; sourceTree = "<group>"; };
		726183142A30ADCF0052577F /* Assets.xcassets */ = {isa = PBXFileReference; lastKnownFileType = folder.assetcatalog; path = Assets.xcassets; sourceTree = "<group>"; };
		726183172A30ADCF0052577F /* Preview Assets.xcassets */ = {isa = PBXFileReference; lastKnownFileType = folder.assetcatalog; path = "Preview Assets.xcassets"; sourceTree = "<group>"; };
		7261831D2A30ADCF0052577F /* fake_app Watch App.app */ = {isa = PBXFileReference; explicitFileType = wrapper.application; includeInIndex = 0; path = "fake_app Watch App.app"; sourceTree = BUILT_PRODUCTS_DIR; };
		726183222A30ADCF0052577F /* fake_appApp.swift */ = {isa = PBXFileReference; lastKnownFileType = sourcecode.swift; path = fake_appApp.swift; sourceTree = "<group>"; };
		726183242A30ADCF0052577F /* ContentView.swift */ = {isa = PBXFileReference; lastKnownFileType = sourcecode.swift; path = ContentView.swift; sourceTree = "<group>"; };
		726183262A30ADD00052577F /* Assets.xcassets */ = {isa = PBXFileReference; lastKnownFileType = folder.assetcatalog; path = Assets.xcassets; sourceTree = "<group>"; };
		726183292A30ADD00052577F /* Preview Assets.xcassets */ = {isa = PBXFileReference; lastKnownFileType = folder.assetcatalog; path = "Preview Assets.xcassets"; sourceTree = "<group>"; };
/* End PBXFileReference section */

/* Begin PBXFrameworksBuildPhase section */
		7261830A2A30ADCD0052577F /* Frameworks */ = {
			isa = PBXFrameworksBuildPhase;
			buildActionMask = 2147483647;
			files = (
			);
			runOnlyForDeploymentPostprocessing = 0;
		};
		7261831A2A30ADCF0052577F /* Frameworks */ = {
			isa = PBXFrameworksBuildPhase;
			buildActionMask = 2147483647;
			files = (
			);
			runOnlyForDeploymentPostprocessing = 0;
		};
/* End PBXFrameworksBuildPhase section */

/* Begin PBXGroup section */
		726183042A30ADCD0052577F = {
			isa = PBXGroup;
			children = (
				7261830F2A30ADCD0052577F /* fake_app */,
				726183212A30ADCF0052577F /* fake_app Watch App */,
				7261830E2A30ADCD0052577F /* Products */,
			);
			sourceTree = "<group>";
		};
		7261830E2A30ADCD0052577F /* Products */ = {
			isa = PBXGroup;
			children = (
				7261830D2A30ADCD0052577F /* fake_app.app */,
				7261831D2A30ADCF0052577F /* fake_app Watch App.app */,
			);
			name = Products;
			sourceTree = "<group>";
		};
		7261830F2A30ADCD0052577F /* fake_app */ = {
			isa = PBXGroup;
			children = (
				726183102A30ADCD0052577F /* fake_appApp.swift */,
				726183122A30ADCD0052577F /* ContentView.swift */,
				726183142A30ADCF0052577F /* Assets.xcassets */,
				726183162A30ADCF0052577F /* Preview Content */,
			);
			path = fake_app;
			sourceTree = "<group>";
		};
		726183162A30ADCF0052577F /* Preview Content */ = {
			isa = PBXGroup;
			children = (
				726183172A30ADCF0052577F /* Preview Assets.xcassets */,
			);
			path = "Preview Content";
			sourceTree = "<group>";
		};
		726183212A30ADCF0052577F /* fake_app Watch App */ = {
			isa = PBXGroup;
			children = (
				726183222A30ADCF0052577F /* fake_appApp.swift */,
				726183242A30ADCF0052577F /* ContentView.swift */,
				726183262A30ADD00052577F /* Assets.xcassets */,
				726183282A30ADD00052577F /* Preview Content */,
			);
			path = "fake_app Watch App";
			sourceTree = "<group>";
		};
		726183282A30ADD00052577F /* Preview Content */ = {
			isa = PBXGroup;
			children = (
				726183292A30ADD00052577F /* Preview Assets.xcassets */,
			);
			path = "Preview Content";
			sourceTree = "<group>";
		};
/* End PBXGroup section */

/* Begin PBXNativeTarget section */
		7261830C2A30ADCD0052577F /* fake_app */ = {
			isa = PBXNativeTarget;
			buildConfigurationList = 726183312A30ADD00052577F /* Build configuration list for PBXNativeTarget "fake_app" */;
			buildPhases = (
				726183092A30ADCD0052577F /* Sources */,
				7261830A2A30ADCD0052577F /* Frameworks */,
				7261830B2A30ADCD0052577F /* Resources */,
				726183302A30ADD00052577F /* Embed Watch Content */,
			);
			buildRules = (
			);
			dependencies = (
				726183202A30ADCF0052577F /* PBXTargetDependency */,
			);
			name = fake_app;
			productName = fake_app;
			productReference = 7261830D2A30ADCD0052577F /* fake_app.app */;
			productType = "com.apple.product-type.application";
		};
		7261831C2A30ADCF0052577F /* fake_app Watch App */ = {
			isa = PBXNativeTarget;
			buildConfigurationList = 7261832D2A30ADD00052577F /* Build configuration list for PBXNativeTarget "fake_app Watch App" */;
			buildPhases = (
				726183192A30ADCF0052577F /* Sources */,
				7261831A2A30ADCF0052577F /* Frameworks */,
				7261831B2A30ADCF0052577F /* Resources */,
			);
			buildRules = (
			);
			dependencies = (
			);
			name = "fake_app Watch App";
			productName = "fake_app Watch App";
			productReference = 7261831D2A30ADCF0052577F /* fake_app Watch App.app */;
			productType = "com.apple.product-type.application";
		};
/* End PBXNativeTarget section */

/* Begin PBXProject section */
		726183052A30ADCD0052577F /* Project object */ = {
			isa = PBXProject;
			attributes = {
				BuildIndependentTargetsInParallel = 1;
				LastSwiftUpdateCheck = 1430;
				LastUpgradeCheck = 1430;
				TargetAttributes = {
					7261830C2A30ADCD0052577F = {
						CreatedOnToolsVersion = 14.3;
					};
					7261831C2A30ADCF0052577F = {
						CreatedOnToolsVersion = 14.3;
					};
				};
			};
			buildConfigurationList = 726183082A30ADCD0052577F /* Build configuration list for PBXProject "fake_app" */;
			compatibilityVersion = "Xcode 14.0";
			developmentRegion = en;
			hasScannedForEncodings = 0;
			knownRegions = (
				en,
				Base,
			);
			mainGroup = 726183042A30ADCD0052577F;
			productRefGroup = 7261830E2A30ADCD0052577F /* Products */;
			projectDirPath = "";
			projectRoot = "";
			targets = (
				7261830C2A30ADCD0052577F /* fake_app */,
				7261831C2A30ADCF0052577F /* fake_app Watch App */,
			);
		};
/* End PBXProject section */

/* Begin PBXResourcesBuildPhase section */
		7261830B2A30ADCD0052577F /* Resources */ = {
			isa = PBXResourcesBuildPhase;
			buildActionMask = 2147483647;
			files = (
				726183182A30ADCF0052577F /* Preview Assets.xcassets in Resources */,
				726183152A30ADCF0052577F /* Assets.xcassets in Resources */,
			);
			runOnlyForDeploymentPostprocessing = 0;
		};
		7261831B2A30ADCF0052577F /* Resources */ = {
			isa = PBXResourcesBuildPhase;
			buildActionMask = 2147483647;
			files = (
				7261832A2A30ADD00052577F /* Preview Assets.xcassets in Resources */,
				726183272A30ADD00052577F /* Assets.xcassets in Resources */,
			);
			runOnlyForDeploymentPostprocessing = 0;
		};
/* End PBXResourcesBuildPhase section */

/* Begin PBXSourcesBuildPhase section */
		726183092A30ADCD0052577F /* Sources */ = {
			isa = PBXSourcesBuildPhase;
			buildActionMask = 2147483647;
			files = (
				726183132A30ADCD0052577F /* ContentView.swift in Sources */,
				726183112A30ADCD0052577F /* fake_appApp.swift in Sources */,
			);
			runOnlyForDeploymentPostprocessing = 0;
		};
		726183192A30ADCF0052577F /* Sources */ = {
			isa = PBXSourcesBuildPhase;
			buildActionMask = 2147483647;
			files = (
				726183252A30ADCF0052577F /* ContentView.swift in Sources */,
				726183232A30ADCF0052577F /* fake_appApp.swift in Sources */,
			);
			runOnlyForDeploymentPostprocessing = 0;
		};
/* End PBXSourcesBuildPhase section */

/* Begin PBXTargetDependency section */
		726183202A30ADCF0052577F /* PBXTargetDependency */ = {
			isa = PBXTargetDependency;
			target = 7261831C2A30ADCF0052577F /* fake_app Watch App */;
			targetProxy = 7261831F2A30ADCF0052577F /* PBXContainerItemProxy */;
		};
/* End PBXTargetDependency section */

/* Begin XCBuildConfiguration section */
		7261832B2A30ADD00052577F /* Debug */ = {
			isa = XCBuildConfiguration;
			buildSettings = {
				ALWAYS_SEARCH_USER_PATHS = NO;
				CLANG_ANALYZER_NONNULL = YES;
				CLANG_ANALYZER_NUMBER_OBJECT_CONVERSION = YES_AGGRESSIVE;
				CLANG_CXX_LANGUAGE_STANDARD = "gnu++20";
				CLANG_ENABLE_MODULES = YES;
				CLANG_ENABLE_OBJC_ARC = YES;
				CLANG_ENABLE_OBJC_WEAK = YES;
				CLANG_WARN_BLOCK_CAPTURE_AUTORELEASING = YES;
				CLANG_WARN_BOOL_CONVERSION = YES;
				CLANG_WARN_COMMA = YES;
				CLANG_WARN_CONSTANT_CONVERSION = YES;
				CLANG_WARN_DEPRECATED_OBJC_IMPLEMENTATIONS = YES;
				CLANG_WARN_DIRECT_OBJC_ISA_USAGE = YES_ERROR;
				CLANG_WARN_DOCUMENTATION_COMMENTS = YES;
				CLANG_WARN_EMPTY_BODY = YES;
				CLANG_WARN_ENUM_CONVERSION = YES;
				CLANG_WARN_INFINITE_RECURSION = YES;
				CLANG_WARN_INT_CONVERSION = YES;
				CLANG_WARN_NON_LITERAL_NULL_CONVERSION = YES;
				CLANG_WARN_OBJC_IMPLICIT_RETAIN_SELF = YES;
				CLANG_WARN_OBJC_LITERAL_CONVERSION = YES;
				CLANG_WARN_OBJC_ROOT_CLASS = YES_ERROR;
				CLANG_WARN_QUOTED_INCLUDE_IN_FRAMEWORK_HEADER = YES;
				CLANG_WARN_RANGE_LOOP_ANALYSIS = YES;
				CLANG_WARN_STRICT_PROTOTYPES = YES;
				CLANG_WARN_SUSPICIOUS_MOVE = YES;
				CLANG_WARN_UNGUARDED_AVAILABILITY = YES_AGGRESSIVE;
				CLANG_WARN_UNREACHABLE_CODE = YES;
				CLANG_WARN__DUPLICATE_METHOD_MATCH = YES;
				COPY_PHASE_STRIP = NO;
				DEBUG_INFORMATION_FORMAT = dwarf;
				ENABLE_STRICT_OBJC_MSGSEND = YES;
				ENABLE_TESTABILITY = YES;
				GCC_C_LANGUAGE_STANDARD = gnu11;
				GCC_DYNAMIC_NO_PIC = NO;
				GCC_NO_COMMON_BLOCKS = YES;
				GCC_OPTIMIZATION_LEVEL = 0;
				GCC_PREPROCESSOR_DEFINITIONS = (
					"DEBUG=1",
					"$(inherited)",
				);
				GCC_WARN_64_TO_32_BIT_CONVERSION = YES;
				GCC_WARN_ABOUT_RETURN_TYPE = YES_ERROR;
				GCC_WARN_UNDECLARED_SELECTOR = YES;
				GCC_WARN_UNINITIALIZED_AUTOS = YES_AGGRESSIVE;
				GCC_WARN_UNUSED_FUNCTION = YES;
				GCC_WARN_UNUSED_VARIABLE = YES;
				MTL_ENABLE_DEBUG_INFO = INCLUDE_SOURCE;
				MTL_FAST_MATH = YES;
				ONLY_ACTIVE_ARCH = YES;
				SWIFT_ACTIVE_COMPILATION_CONDITIONS = DEBUG;
				SWIFT_OPTIMIZATION_LEVEL = "-Onone";
			};
			name = Debug;
		};
		7261832C2A30ADD00052577F /* Release */ = {
			isa = XCBuildConfiguration;
			buildSettings = {
				ALWAYS_SEARCH_USER_PATHS = NO;
				CLANG_ANALYZER_NONNULL = YES;
				CLANG_ANALYZER_NUMBER_OBJECT_CONVERSION = YES_AGGRESSIVE;
				CLANG_CXX_LANGUAGE_STANDARD = "gnu++20";
				CLANG_ENABLE_MODULES = YES;
				CLANG_ENABLE_OBJC_ARC = YES;
				CLANG_ENABLE_OBJC_WEAK = YES;
				CLANG_WARN_BLOCK_CAPTURE_AUTORELEASING = YES;
				CLANG_WARN_BOOL_CONVERSION = YES;
				CLANG_WARN_COMMA = YES;
				CLANG_WARN_CONSTANT_CONVERSION = YES;
				CLANG_WARN_DEPRECATED_OBJC_IMPLEMENTATIONS = YES;
				CLANG_WARN_DIRECT_OBJC_ISA_USAGE = YES_ERROR;
				CLANG_WARN_DOCUMENTATION_COMMENTS = YES;
				CLANG_WARN_EMPTY_BODY = YES;
				CLANG_WARN_ENUM_CONVERSION = YES;
				CLANG_WARN_INFINITE_RECURSION = YES;
				CLANG_WARN_INT_CONVERSION = YES;
				CLANG_WARN_NON_LITERAL_NULL_CONVERSION = YES;
				CLANG_WARN_OBJC_IMPLICIT_RETAIN_SELF = YES;
				CLANG_WARN_OBJC_LITERAL_CONVERSION = YES;
				CLANG_WARN_OBJC_ROOT_CLASS = YES_ERROR;
				CLANG_WARN_QUOTED_INCLUDE_IN_FRAMEWORK_HEADER = YES;
				CLANG_WARN_RANGE_LOOP_ANALYSIS = YES;
				CLANG_WARN_STRICT_PROTOTYPES = YES;
				CLANG_WARN_SUSPICIOUS_MOVE = YES;
				CLANG_WARN_UNGUARDED_AVAILABILITY = YES_AGGRESSIVE;
				CLANG_WARN_UNREACHABLE_CODE = YES;
				CLANG_WARN__DUPLICATE_METHOD_MATCH = YES;
				COPY_PHASE_STRIP = NO;
				DEBUG_INFORMATION_FORMAT = "dwarf-with-dsym";
				ENABLE_NS_ASSERTIONS = NO;
				ENABLE_STRICT_OBJC_MSGSEND = YES;
				GCC_C_LANGUAGE_STANDARD = gnu11;
				GCC_NO_COMMON_BLOCKS = YES;
				GCC_WARN_64_TO_32_BIT_CONVERSION = YES;
				GCC_WARN_ABOUT_RETURN_TYPE = YES_ERROR;
				GCC_WARN_UNDECLARED_SELECTOR = YES;
				GCC_WARN_UNINITIALIZED_AUTOS = YES_AGGRESSIVE;
				GCC_WARN_UNUSED_FUNCTION = YES;
				GCC_WARN_UNUSED_VARIABLE = YES;
				MTL_ENABLE_DEBUG_INFO = NO;
				MTL_FAST_MATH = YES;
				SWIFT_COMPILATION_MODE = wholemodule;
				SWIFT_OPTIMIZATION_LEVEL = "-O";
			};
			name = Release;
		};
		7261832E2A30ADD00052577F /* Debug */ = {
			isa = XCBuildConfiguration;
			buildSettings = {
				ASSETCATALOG_COMPILER_APPICON_NAME = AppIcon;
				ASSETCATALOG_COMPILER_GLOBAL_ACCENT_COLOR_NAME = AccentColor;
				CODE_SIGN_STYLE = Automatic;
				CURRENT_PROJECT_VERSION = 1;
				DEVELOPMENT_ASSET_PATHS = "\"fake_app Watch App/Preview Content\"";
				DEVELOPMENT_TEAM = T2SK837QN7;
				ENABLE_PREVIEWS = YES;
				GENERATE_INFOPLIST_FILE = YES;
				INFOPLIST_KEY_CFBundleDisplayName = fake_app;
				INFOPLIST_KEY_UISupportedInterfaceOrientations = "UIInterfaceOrientationPortrait UIInterfaceOrientationPortraitUpsideDown";
				INFOPLIST_KEY_WKCompanionAppBundleIdentifier = "yaaru.fake-app";
				LD_RUNPATH_SEARCH_PATHS = (
					"$(inherited)",
					"@executable_path/Frameworks",
				);
				MARKETING_VERSION = 1.0;
				PRODUCT_BUNDLE_IDENTIFIER = "yaaru.fake-app.watchkitapp";
				PRODUCT_NAME = "$(TARGET_NAME)";
				SDKROOT = watchos;
				SKIP_INSTALL = YES;
				SWIFT_EMIT_LOC_STRINGS = YES;
				SWIFT_VERSION = 5.0;
				TARGETED_DEVICE_FAMILY = 4;
				WATCHOS_DEPLOYMENT_TARGET = 9.4;
			};
			name = Debug;
		};
		7261832F2A30ADD00052577F /* Release */ = {
			isa = XCBuildConfiguration;
			buildSettings = {
				ASSETCATALOG_COMPILER_APPICON_NAME = AppIcon;
				ASSETCATALOG_COMPILER_GLOBAL_ACCENT_COLOR_NAME = AccentColor;
				CODE_SIGN_STYLE = Automatic;
				CURRENT_PROJECT_VERSION = 1;
				DEVELOPMENT_ASSET_PATHS = "\"fake_app Watch App/Preview Content\"";
				DEVELOPMENT_TEAM = T2SK837QN7;
				ENABLE_PREVIEWS = YES;
				GENERATE_INFOPLIST_FILE = YES;
				INFOPLIST_KEY_CFBundleDisplayName = fake_app;
				INFOPLIST_KEY_UISupportedInterfaceOrientations = "UIInterfaceOrientationPortrait UIInterfaceOrientationPortraitUpsideDown";
				INFOPLIST_KEY_WKCompanionAppBundleIdentifier = "yaaru.fake-app";
				LD_RUNPATH_SEARCH_PATHS = (
					"$(inherited)",
					"@executable_path/Frameworks",
				);
				MARKETING_VERSION = 1.0;
				PRODUCT_BUNDLE_IDENTIFIER = "yaaru.fake-app.watchkitapp";
				PRODUCT_NAME = "$(TARGET_NAME)";
				SDKROOT = watchos;
				SKIP_INSTALL = YES;
				SWIFT_EMIT_LOC_STRINGS = YES;
				SWIFT_VERSION = 5.0;
				TARGETED_DEVICE_FAMILY = 4;
				VALIDATE_PRODUCT = YES;
				WATCHOS_DEPLOYMENT_TARGET = 9.4;
			};
			name = Release;
		};
		726183322A30ADD00052577F /* Debug */ = {
			isa = XCBuildConfiguration;
			buildSettings = {
				ALWAYS_EMBED_SWIFT_STANDARD_LIBRARIES = YES;
				ASSETCATALOG_COMPILER_APPICON_NAME = AppIcon;
				ASSETCATALOG_COMPILER_GLOBAL_ACCENT_COLOR_NAME = AccentColor;
				CODE_SIGN_STYLE = Automatic;
				CURRENT_PROJECT_VERSION = 1;
				DEVELOPMENT_ASSET_PATHS = "\"fake_app/Preview Content\"";
				DEVELOPMENT_TEAM = T2SK837QN7;
				ENABLE_PREVIEWS = YES;
				GENERATE_INFOPLIST_FILE = YES;
				INFOPLIST_KEY_CFBundleDisplayName = fake_app;
				INFOPLIST_KEY_UIApplicationSceneManifest_Generation = YES;
				INFOPLIST_KEY_UIApplicationSupportsIndirectInputEvents = YES;
				INFOPLIST_KEY_UILaunchScreen_Generation = YES;
				INFOPLIST_KEY_UISupportedInterfaceOrientations_iPad = "UIInterfaceOrientationPortrait UIInterfaceOrientationPortraitUpsideDown UIInterfaceOrientationLandscapeLeft UIInterfaceOrientationLandscapeRight";
				INFOPLIST_KEY_UISupportedInterfaceOrientations_iPhone = "UIInterfaceOrientationPortrait UIInterfaceOrientationLandscapeLeft UIInterfaceOrientationLandscapeRight";
				IPHONEOS_DEPLOYMENT_TARGET = 16.4;
				LD_RUNPATH_SEARCH_PATHS = (
					"$(inherited)",
					"@executable_path/Frameworks",
				);
				MARKETING_VERSION = 1.0;
				PRODUCT_BUNDLE_IDENTIFIER = "yaaru.fake-app";
				PRODUCT_NAME = "$(TARGET_NAME)";
				SDKROOT = iphoneos;
				SWIFT_EMIT_LOC_STRINGS = YES;
				SWIFT_VERSION = 5.0;
				TARGETED_DEVICE_FAMILY = "1,2";
			};
			name = Debug;
		};
		726183332A30ADD00052577F /* Release */ = {
			isa = XCBuildConfiguration;
			buildSettings = {
				ALWAYS_EMBED_SWIFT_STANDARD_LIBRARIES = YES;
				ASSETCATALOG_COMPILER_APPICON_NAME = AppIcon;
				ASSETCATALOG_COMPILER_GLOBAL_ACCENT_COLOR_NAME = AccentColor;
				CODE_SIGN_STYLE = Automatic;
				CURRENT_PROJECT_VERSION = 1;
				DEVELOPMENT_ASSET_PATHS = "\"fake_app/Preview Content\"";
				DEVELOPMENT_TEAM = T2SK837QN7;
				ENABLE_PREVIEWS = YES;
				GENERATE_INFOPLIST_FILE = YES;
				INFOPLIST_KEY_CFBundleDisplayName = fake_app;
				INFOPLIST_KEY_UIApplicationSceneManifest_Generation = YES;
				INFOPLIST_KEY_UIApplicationSupportsIndirectInputEvents = YES;
				INFOPLIST_KEY_UILaunchScreen_Generation = YES;
				INFOPLIST_KEY_UISupportedInterfaceOrientations_iPad = "UIInterfaceOrientationPortrait UIInterfaceOrientationPortraitUpsideDown UIInterfaceOrientationLandscapeLeft UIInterfaceOrientationLandscapeRight";
				INFOPLIST_KEY_UISupportedInterfaceOrientations_iPhone = "UIInterfaceOrientationPortrait UIInterfaceOrientationLandscapeLeft UIInterfaceOrientationLandscapeRight";
				IPHONEOS_DEPLOYMENT_TARGET = 16.4;
				LD_RUNPATH_SEARCH_PATHS = (
					"$(inherited)",
					"@executable_path/Frameworks",
				);
				MARKETING_VERSION = 1.0;
				PRODUCT_BUNDLE_IDENTIFIER = "yaaru.fake-app";
				PRODUCT_NAME = "$(TARGET_NAME)";
				SDKROOT = iphoneos;
				SWIFT_EMIT_LOC_STRINGS = YES;
				SWIFT_VERSION = 5.0;
				TARGETED_DEVICE_FAMILY = "1,2";
				VALIDATE_PRODUCT = YES;
			};
			name = Release;
		};
/* End XCBuildConfiguration section */

/* Begin XCConfigurationList section */
		726183082A30ADCD0052577F /* Build configuration list for PBXProject "fake_app" */ = {
			isa = XCConfigurationList;
			buildConfigurations = (
				7261832B2A30ADD00052577F /* Debug */,
				7261832C2A30ADD00052577F /* Release */,
			);
			defaultConfigurationIsVisible = 0;
			defaultConfigurationName = Release;
		};
		7261832D2A30ADD00052577F /* Build configuration list for PBXNativeTarget "fake_app Watch App" */ = {
			isa = XCConfigurationList;
			buildConfigurations = (
				7261832E2A30ADD00052577F /* Debug */,
				7261832F2A30ADD00052577F /* Release */,
			);
			defaultConfigurationIsVisible = 0;
			defaultConfigurationName = Release;
		};
		726183312A30ADD00052577F /* Build configuration list for PBXNativeTarget "fake_app" */ = {
			isa = XCConfigurationList;
			buildConfigurations = (
				726183322A30ADD00052577F /* Debug */,
				726183332A30ADD00052577F /* Release */,
			);
			defaultConfigurationIsVisible = 0;
			defaultConfigurationName = Release;
		};
/* End XCConfigurationList section */
	};
	rootObject = 726183052A30ADCD0052577F /* Project object */;
}
